
Microsoft Visual Studio Solution File, Format Version 12.00
# Visual Studio Version 17
VisualStudioVersion = 17.0.32112.339
MinimumVisualStudioVersion = 10.0.40219.1
Project("{FAE04EC0-301F-11D3-BF4B-00C04F79EFBC}") = "ClinicaBackend", "ClinicaBackend.csproj", "{9B69BF28-1C26-4D0A-A1EA-D0C832686428}"
EndProject
Global
	GlobalSection(SolutionConfigurationPlatforms) = preSolution
		Debug|Any CPU = Debug|Any CPU
		Release|Any CPU = Release|Any CPU
	EndGlobalSection
	GlobalSection(ProjectConfigurationPlatforms) = postSolution
		{9B69BF28-1C26-4D0A-A1EA-D0C832686428}.Debug|Any CPU.ActiveCfg = Debug|Any CPU
		{9B69BF28-1C26-4D0A-A1EA-D0C832686428}.Debug|Any CPU.Build.0 = Debug|Any CPU
		{9B69BF28-1C26-4D0A-A1EA-D0C832686428}.Release|Any CPU.ActiveCfg = Release|Any CPU
		{9B69BF28-1C26-4D0A-A1EA-D0C832686428}.Release|Any CPU.Build.0 = Release|Any CPU
	EndGlobalSection
	GlobalSection(SolutionProperties) = preSolution
		HideSolutionNode = FALSE
	EndGlobalSection
	GlobalSection(ExtensibilityGlobals) = postSolution
		SolutionGuid = {A7BB3979-40F1-4146-9F0D-47A74819C29B}
	EndGlobalSection
EndGlobal
